
Microsoft Visual Studio Solution File, Format Version 12.00
# Visual Studio 2012
Project("{FAE04EC0-301F-11D3-BF4B-00C04F79EFBC}") = "WeatherForecast", "WeatherForecast\WeatherForecast.csproj", "{DE30CCCC-1B6D-4C1A-84F9-71751A628385}"
EndProject
Global
	GlobalSection(SolutionConfigurationPlatforms) = preSolution
		Debug|Any CPU = Debug|Any CPU
		Release|Any CPU = Release|Any CPU
	EndGlobalSection
	GlobalSection(ProjectConfigurationPlatforms) = postSolution
		{DE30CCCC-1B6D-4C1A-84F9-71751A628385}.Debug|Any CPU.ActiveCfg = Debug|Any CPU
		{DE30CCCC-1B6D-4C1A-84F9-71751A628385}.Debug|Any CPU.Build.0 = Debug|Any CPU
		{DE30CCCC-1B6D-4C1A-84F9-71751A628385}.Release|Any CPU.ActiveCfg = Release|Any CPU
		{DE30CCCC-1B6D-4C1A-84F9-71751A628385}.Release|Any CPU.Build.0 = Release|Any CPU
	EndGlobalSection
EndGlobal
